// !$*UTF8*$!
{
	archiveVersion = 1;
	classes = {
	};
	objectVersion = 56;
	objects = {

/* Begin PBXBuildFile section */
		D482347E2C648AD800BD02E4 /* AppDelegate.swift in Sources */ = {isa = PBXBuildFile; fileRef = D482347D2C648AD800BD02E4 /* AppDelegate.swift */; };
		D48234802C648AD800BD02E4 /* SceneDelegate.swift in Sources */ = {isa = PBXBuildFile; fileRef = D482347F2C648AD800BD02E4 /* SceneDelegate.swift */; };
		D48234822C648AD800BD02E4 /* SearchHomeViewController.swift in Sources */ = {isa = PBXBuildFile; fileRef = D48234812C648AD800BD02E4 /* SearchHomeViewController.swift */; };
		D48234872C648ADA00BD02E4 /* Assets.xcassets in Resources */ = {isa = PBXBuildFile; fileRef = D48234862C648ADA00BD02E4 /* Assets.xcassets */; };
		D482348A2C648ADA00BD02E4 /* Base in Resources */ = {isa = PBXBuildFile; fileRef = D48234892C648ADA00BD02E4 /* Base */; };
		D48234962C648C9A00BD02E4 /* DetailViewControllers.swift in Sources */ = {isa = PBXBuildFile; fileRef = D48234952C648C9A00BD02E4 /* DetailViewControllers.swift */; };
		D48234982C648CDC00BD02E4 /* ResultTableViewCell.swift in Sources */ = {isa = PBXBuildFile; fileRef = D48234972C648CDC00BD02E4 /* ResultTableViewCell.swift */; };
		D482349A2C648CEA00BD02E4 /* ScreenshotCollectionViewCell.swift in Sources */ = {isa = PBXBuildFile; fileRef = D48234992C648CEA00BD02E4 /* ScreenshotCollectionViewCell.swift */; };
		D482349D2C648D9D00BD02E4 /* RxCocoa in Frameworks */ = {isa = PBXBuildFile; productRef = D482349C2C648D9D00BD02E4 /* RxCocoa */; };
		D482349F2C648D9D00BD02E4 /* RxSwift in Frameworks */ = {isa = PBXBuildFile; productRef = D482349E2C648D9D00BD02E4 /* RxSwift */; };
		D48234A22C648DA500BD02E4 /* SnapKit in Frameworks */ = {isa = PBXBuildFile; productRef = D48234A12C648DA500BD02E4 /* SnapKit */; };
		D48234A52C648DB400BD02E4 /* Kingfisher in Frameworks */ = {isa = PBXBuildFile; productRef = D48234A42C648DB400BD02E4 /* Kingfisher */; };
		D48234A92C64900000BD02E4 /* RecentSearchTermsViewController.swift in Sources */ = {isa = PBXBuildFile; fileRef = D48234A82C648FFF00BD02E4 /* RecentSearchTermsViewController.swift */; };
		D48234AB2C6490C100BD02E4 /* SearchResponse.swift in Sources */ = {isa = PBXBuildFile; fileRef = D48234AA2C6490C100BD02E4 /* SearchResponse.swift */; };
		D48234AD2C64979600BD02E4 /* NetworkManager.swift in Sources */ = {isa = PBXBuildFile; fileRef = D48234AC2C64979600BD02E4 /* NetworkManager.swift */; };
		D48234B52C65D12200BD02E4 /* TestViewController.swift in Sources */ = {isa = PBXBuildFile; fileRef = D48234B42C65D12200BD02E4 /* TestViewController.swift */; };
		D48234B72C65E0EC00BD02E4 /* DummyData.swift in Sources */ = {isa = PBXBuildFile; fileRef = D48234B62C65E0EC00BD02E4 /* DummyData.swift */; };
		D48234B92C65E48800BD02E4 /* ScreenshotView.swift in Sources */ = {isa = PBXBuildFile; fileRef = D48234B82C65E48800BD02E4 /* ScreenshotView.swift */; };
		D48234BB2C6769FD00BD02E4 /* SearchViewModel.swift in Sources */ = {isa = PBXBuildFile; fileRef = D48234BA2C6769FD00BD02E4 /* SearchViewModel.swift */; };
		D48234BD2C676D0100BD02E4 /* RecentTermUserDefualtHelper.swift in Sources */ = {isa = PBXBuildFile; fileRef = D48234BC2C676D0100BD02E4 /* RecentTermUserDefualtHelper.swift */; };
		D48234C32C6888B800BD02E4 /* DownloadRepository.swift in Sources */ = {isa = PBXBuildFile; fileRef = D48234C22C6888B800BD02E4 /* DownloadRepository.swift */; };
		D4D637842C6A28300068488B /* iTunesURL.swift in Sources */ = {isa = PBXBuildFile; fileRef = D4D637832C6A28300068488B /* iTunesURL.swift */; };
		D4D637872C6A293C0068488B /* Alamofire in Frameworks */ = {isa = PBXBuildFile; productRef = D4D637862C6A293C0068488B /* Alamofire */; };
/* End PBXBuildFile section */

/* Begin PBXFileReference section */
		D482347A2C648AD800BD02E4 /* SearchApps.app */ = {isa = PBXFileReference; explicitFileType = wrapper.application; includeInIndex = 0; path = SearchApps.app; sourceTree = BUILT_PRODUCTS_DIR; };
		D482347D2C648AD800BD02E4 /* AppDelegate.swift */ = {isa = PBXFileReference; lastKnownFileType = sourcecode.swift; path = AppDelegate.swift; sourceTree = "<group>"; };
		D482347F2C648AD800BD02E4 /* SceneDelegate.swift */ = {isa = PBXFileReference; lastKnownFileType = sourcecode.swift; path = SceneDelegate.swift; sourceTree = "<group>"; };
		D48234812C648AD800BD02E4 /* SearchHomeViewController.swift */ = {isa = PBXFileReference; lastKnownFileType = sourcecode.swift; path = SearchHomeViewController.swift; sourceTree = "<group>"; };
		D48234862C648ADA00BD02E4 /* Assets.xcassets */ = {isa = PBXFileReference; lastKnownFileType = folder.assetcatalog; path = Assets.xcassets; sourceTree = "<group>"; };
		D48234892C648ADA00BD02E4 /* Base */ = {isa = PBXFileReference; lastKnownFileType = file.storyboard; name = Base; path = Base.lproj/LaunchScreen.storyboard; sourceTree = "<group>"; };
		D482348B2C648ADA00BD02E4 /* Info.plist */ = {isa = PBXFileReference; lastKnownFileType = text.plist.xml; path = Info.plist; sourceTree = "<group>"; };
		D48234952C648C9A00BD02E4 /* DetailViewControllers.swift */ = {isa = PBXFileReference; lastKnownFileType = sourcecode.swift; path = DetailViewControllers.swift; sourceTree = "<group>"; };
		D48234972C648CDC00BD02E4 /* ResultTableViewCell.swift */ = {isa = PBXFileReference; lastKnownFileType = sourcecode.swift; path = ResultTableViewCell.swift; sourceTree = "<group>"; };
		D48234992C648CEA00BD02E4 /* ScreenshotCollectionViewCell.swift */ = {isa = PBXFileReference; lastKnownFileType = sourcecode.swift; path = ScreenshotCollectionViewCell.swift; sourceTree = "<group>"; };
		D48234A82C648FFF00BD02E4 /* RecentSearchTermsViewController.swift */ = {isa = PBXFileReference; lastKnownFileType = sourcecode.swift; path = RecentSearchTermsViewController.swift; sourceTree = "<group>"; };
		D48234AA2C6490C100BD02E4 /* SearchResponse.swift */ = {isa = PBXFileReference; lastKnownFileType = sourcecode.swift; path = SearchResponse.swift; sourceTree = "<group>"; };
		D48234AC2C64979600BD02E4 /* NetworkManager.swift */ = {isa = PBXFileReference; lastKnownFileType = sourcecode.swift; path = NetworkManager.swift; sourceTree = "<group>"; };
		D48234B42C65D12200BD02E4 /* TestViewController.swift */ = {isa = PBXFileReference; lastKnownFileType = sourcecode.swift; path = TestViewController.swift; sourceTree = "<group>"; };
		D48234B62C65E0EC00BD02E4 /* DummyData.swift */ = {isa = PBXFileReference; lastKnownFileType = sourcecode.swift; path = DummyData.swift; sourceTree = "<group>"; };
		D48234B82C65E48800BD02E4 /* ScreenshotView.swift */ = {isa = PBXFileReference; lastKnownFileType = sourcecode.swift; path = ScreenshotView.swift; sourceTree = "<group>"; };
		D48234BA2C6769FD00BD02E4 /* SearchViewModel.swift */ = {isa = PBXFileReference; lastKnownFileType = sourcecode.swift; path = SearchViewModel.swift; sourceTree = "<group>"; };
		D48234BC2C676D0100BD02E4 /* RecentTermUserDefualtHelper.swift */ = {isa = PBXFileReference; lastKnownFileType = sourcecode.swift; path = RecentTermUserDefualtHelper.swift; sourceTree = "<group>"; };
		D48234C22C6888B800BD02E4 /* DownloadRepository.swift */ = {isa = PBXFileReference; lastKnownFileType = sourcecode.swift; path = DownloadRepository.swift; sourceTree = "<group>"; };
		D4D637832C6A28300068488B /* iTunesURL.swift */ = {isa = PBXFileReference; lastKnownFileType = sourcecode.swift; path = iTunesURL.swift; sourceTree = "<group>"; };
/* End PBXFileReference section */

/* Begin PBXFrameworksBuildPhase section */
		D48234772C648AD800BD02E4 /* Frameworks */ = {
			isa = PBXFrameworksBuildPhase;
			buildActionMask = 2147483647;
			files = (
				D4D637872C6A293C0068488B /* Alamofire in Frameworks */,
				D48234A52C648DB400BD02E4 /* Kingfisher in Frameworks */,
				D48234A22C648DA500BD02E4 /* SnapKit in Frameworks */,
				D482349F2C648D9D00BD02E4 /* RxSwift in Frameworks */,
				D482349D2C648D9D00BD02E4 /* RxCocoa in Frameworks */,
			);
			runOnlyForDeploymentPostprocessing = 0;
		};
/* End PBXFrameworksBuildPhase section */

/* Begin PBXGroup section */
		D48234712C648AD700BD02E4 = {
			isa = PBXGroup;
			children = (
				D482347C2C648AD800BD02E4 /* SearchApps */,
				D482347B2C648AD800BD02E4 /* Products */,
			);
			sourceTree = "<group>";
		};
		D482347B2C648AD800BD02E4 /* Products */ = {
			isa = PBXGroup;
			children = (
				D482347A2C648AD800BD02E4 /* SearchApps.app */,
			);
			name = Products;
			sourceTree = "<group>";
		};
		D482347C2C648AD800BD02E4 /* SearchApps */ = {
			isa = PBXGroup;
			children = (
				D482347D2C648AD800BD02E4 /* AppDelegate.swift */,
				D482347F2C648AD800BD02E4 /* SceneDelegate.swift */,
				D48234B42C65D12200BD02E4 /* TestViewController.swift */,
				D48234932C648C8300BD02E4 /* Network */,
				D48234BE2C678C1D00BD02E4 /* HomeView */,
				D48234912C648C7300BD02E4 /* ResultView */,
				D48234BF2C678CD800BD02E4 /* DetailView */,
				D48234A72C648E4600BD02E4 /* LocalData */,
				D48234A62C648E4200BD02E4 /* etc */,
				D48234862C648ADA00BD02E4 /* Assets.xcassets */,
				D48234882C648ADA00BD02E4 /* LaunchScreen.storyboard */,
				D482348B2C648ADA00BD02E4 /* Info.plist */,
			);
			path = SearchApps;
			sourceTree = "<group>";
		};
		D48234912C648C7300BD02E4 /* ResultView */ = {
			isa = PBXGroup;
			children = (
				D48234A82C648FFF00BD02E4 /* RecentSearchTermsViewController.swift */,
			);
			path = ResultView;
			sourceTree = "<group>";
		};
		D48234932C648C8300BD02E4 /* Network */ = {
			isa = PBXGroup;
			children = (
				D48234AA2C6490C100BD02E4 /* SearchResponse.swift */,
				D48234AC2C64979600BD02E4 /* NetworkManager.swift */,
				D4D637832C6A28300068488B /* iTunesURL.swift */,
			);
			path = Network;
			sourceTree = "<group>";
		};
		D48234A62C648E4200BD02E4 /* etc */ = {
			isa = PBXGroup;
			children = (
				D48234B62C65E0EC00BD02E4 /* DummyData.swift */,
			);
			path = etc;
			sourceTree = "<group>";
		};
		D48234A72C648E4600BD02E4 /* LocalData */ = {
			isa = PBXGroup;
			children = (
				D48234BC2C676D0100BD02E4 /* RecentTermUserDefualtHelper.swift */,
				D48234C22C6888B800BD02E4 /* DownloadRepository.swift */,
			);
			path = LocalData;
			sourceTree = "<group>";
		};
		D48234BE2C678C1D00BD02E4 /* HomeView */ = {
			isa = PBXGroup;
			children = (
				D48234812C648AD800BD02E4 /* SearchHomeViewController.swift */,
				D48234972C648CDC00BD02E4 /* ResultTableViewCell.swift */,
				D48234BA2C6769FD00BD02E4 /* SearchViewModel.swift */,
			);
			path = HomeView;
			sourceTree = "<group>";
		};
		D48234BF2C678CD800BD02E4 /* DetailView */ = {
			isa = PBXGroup;
			children = (
				D48234952C648C9A00BD02E4 /* DetailViewControllers.swift */,
				D48234B82C65E48800BD02E4 /* ScreenshotView.swift */,
				D48234992C648CEA00BD02E4 /* ScreenshotCollectionViewCell.swift */,
			);
			path = DetailView;
			sourceTree = "<group>";
		};
/* End PBXGroup section */

/* Begin PBXNativeTarget section */
		D48234792C648AD800BD02E4 /* SearchApps */ = {
			isa = PBXNativeTarget;
			buildConfigurationList = D482348E2C648ADA00BD02E4 /* Build configuration list for PBXNativeTarget "SearchApps" */;
			buildPhases = (
				D48234762C648AD800BD02E4 /* Sources */,
				D48234772C648AD800BD02E4 /* Frameworks */,
				D48234782C648AD800BD02E4 /* Resources */,
			);
			buildRules = (
			);
			dependencies = (
			);
			name = SearchApps;
			packageProductDependencies = (
				D482349C2C648D9D00BD02E4 /* RxCocoa */,
				D482349E2C648D9D00BD02E4 /* RxSwift */,
				D48234A12C648DA500BD02E4 /* SnapKit */,
				D48234A42C648DB400BD02E4 /* Kingfisher */,
				D4D637862C6A293C0068488B /* Alamofire */,
			);
			productName = SearchApps;
			productReference = D482347A2C648AD800BD02E4 /* SearchApps.app */;
			productType = "com.apple.product-type.application";
		};
/* End PBXNativeTarget section */

/* Begin PBXProject section */
		D48234722C648AD700BD02E4 /* Project object */ = {
			isa = PBXProject;
			attributes = {
				BuildIndependentTargetsInParallel = 1;
				LastSwiftUpdateCheck = 1540;
				LastUpgradeCheck = 1540;
				TargetAttributes = {
					D48234792C648AD800BD02E4 = {
						CreatedOnToolsVersion = 15.4;
					};
				};
			};
			buildConfigurationList = D48234752C648AD700BD02E4 /* Build configuration list for PBXProject "SearchApps" */;
			compatibilityVersion = "Xcode 14.0";
			developmentRegion = en;
			hasScannedForEncodings = 0;
			knownRegions = (
				en,
				Base,
			);
			mainGroup = D48234712C648AD700BD02E4;
			packageReferences = (
				D482349B2C648D9D00BD02E4 /* XCRemoteSwiftPackageReference "RxSwift" */,
				D48234A02C648DA500BD02E4 /* XCRemoteSwiftPackageReference "SnapKit" */,
				D48234A32C648DB400BD02E4 /* XCRemoteSwiftPackageReference "Kingfisher" */,
				D4D637852C6A293C0068488B /* XCRemoteSwiftPackageReference "Alamofire" */,
			);
			productRefGroup = D482347B2C648AD800BD02E4 /* Products */;
			projectDirPath = "";
			projectRoot = "";
			targets = (
				D48234792C648AD800BD02E4 /* SearchApps */,
			);
		};
/* End PBXProject section */

/* Begin PBXResourcesBuildPhase section */
		D48234782C648AD800BD02E4 /* Resources */ = {
			isa = PBXResourcesBuildPhase;
			buildActionMask = 2147483647;
			files = (
				D48234872C648ADA00BD02E4 /* Assets.xcassets in Resources */,
				D482348A2C648ADA00BD02E4 /* Base in Resources */,
			);
			runOnlyForDeploymentPostprocessing = 0;
		};
/* End PBXResourcesBuildPhase section */

/* Begin PBXSourcesBuildPhase section */
		D48234762C648AD800BD02E4 /* Sources */ = {
			isa = PBXSourcesBuildPhase;
			buildActionMask = 2147483647;
			files = (
				D48234B72C65E0EC00BD02E4 /* DummyData.swift in Sources */,
				D48234AD2C64979600BD02E4 /* NetworkManager.swift in Sources */,
				D48234B52C65D12200BD02E4 /* TestViewController.swift in Sources */,
				D48234AB2C6490C100BD02E4 /* SearchResponse.swift in Sources */,
				D48234B92C65E48800BD02E4 /* ScreenshotView.swift in Sources */,
				D4D637842C6A28300068488B /* iTunesURL.swift in Sources */,
				D48234BB2C6769FD00BD02E4 /* SearchViewModel.swift in Sources */,
				D48234822C648AD800BD02E4 /* SearchHomeViewController.swift in Sources */,
				D482347E2C648AD800BD02E4 /* AppDelegate.swift in Sources */,
				D48234802C648AD800BD02E4 /* SceneDelegate.swift in Sources */,
				D482349A2C648CEA00BD02E4 /* ScreenshotCollectionViewCell.swift in Sources */,
				D48234982C648CDC00BD02E4 /* ResultTableViewCell.swift in Sources */,
				D48234C32C6888B800BD02E4 /* DownloadRepository.swift in Sources */,
				D48234BD2C676D0100BD02E4 /* RecentTermUserDefualtHelper.swift in Sources */,
				D48234A92C64900000BD02E4 /* RecentSearchTermsViewController.swift in Sources */,
				D48234962C648C9A00BD02E4 /* DetailViewControllers.swift in Sources */,
			);
			runOnlyForDeploymentPostprocessing = 0;
		};
/* End PBXSourcesBuildPhase section */

/* Begin PBXVariantGroup section */
		D48234882C648ADA00BD02E4 /* LaunchScreen.storyboard */ = {
			isa = PBXVariantGroup;
			children = (
				D48234892C648ADA00BD02E4 /* Base */,
			);
			name = LaunchScreen.storyboard;
			sourceTree = "<group>";
		};
/* End PBXVariantGroup section */

/* Begin XCBuildConfiguration section */
		D482348C2C648ADA00BD02E4 /* Debug */ = {
			isa = XCBuildConfiguration;
			buildSettings = {
				ALWAYS_SEARCH_USER_PATHS = NO;
				ASSETCATALOG_COMPILER_GENERATE_SWIFT_ASSET_SYMBOL_EXTENSIONS = YES;
				CLANG_ANALYZER_NONNULL = YES;
				CLANG_ANALYZER_NUMBER_OBJECT_CONVERSION = YES_AGGRESSIVE;
				CLANG_CXX_LANGUAGE_STANDARD = "gnu++20";
				CLANG_ENABLE_MODULES = YES;
				CLANG_ENABLE_OBJC_ARC = YES;
				CLANG_ENABLE_OBJC_WEAK = YES;
				CLANG_WARN_BLOCK_CAPTURE_AUTORELEASING = YES;
				CLANG_WARN_BOOL_CONVERSION = YES;
				CLANG_WARN_COMMA = YES;
				CLANG_WARN_CONSTANT_CONVERSION = YES;
				CLANG_WARN_DEPRECATED_OBJC_IMPLEMENTATIONS = YES;
				CLANG_WARN_DIRECT_OBJC_ISA_USAGE = YES_ERROR;
				CLANG_WARN_DOCUMENTATION_COMMENTS = YES;
				CLANG_WARN_EMPTY_BODY = YES;
				CLANG_WARN_ENUM_CONVERSION = YES;
				CLANG_WARN_INFINITE_RECURSION = YES;
				CLANG_WARN_INT_CONVERSION = YES;
				CLANG_WARN_NON_LITERAL_NULL_CONVERSION = YES;
				CLANG_WARN_OBJC_IMPLICIT_RETAIN_SELF = YES;
				CLANG_WARN_OBJC_LITERAL_CONVERSION = YES;
				CLANG_WARN_OBJC_ROOT_CLASS = YES_ERROR;
				CLANG_WARN_QUOTED_INCLUDE_IN_FRAMEWORK_HEADER = YES;
				CLANG_WARN_RANGE_LOOP_ANALYSIS = YES;
				CLANG_WARN_STRICT_PROTOTYPES = YES;
				CLANG_WARN_SUSPICIOUS_MOVE = YES;
				CLANG_WARN_UNGUARDED_AVAILABILITY = YES_AGGRESSIVE;
				CLANG_WARN_UNREACHABLE_CODE = YES;
				CLANG_WARN__DUPLICATE_METHOD_MATCH = YES;
				COPY_PHASE_STRIP = NO;
				DEBUG_INFORMATION_FORMAT = dwarf;
				ENABLE_STRICT_OBJC_MSGSEND = YES;
				ENABLE_TESTABILITY = YES;
				ENABLE_USER_SCRIPT_SANDBOXING = YES;
				GCC_C_LANGUAGE_STANDARD = gnu17;
				GCC_DYNAMIC_NO_PIC = NO;
				GCC_NO_COMMON_BLOCKS = YES;
				GCC_OPTIMIZATION_LEVEL = 0;
				GCC_PREPROCESSOR_DEFINITIONS = (
					"DEBUG=1",
					"$(inherited)",
				);
				GCC_WARN_64_TO_32_BIT_CONVERSION = YES;
				GCC_WARN_ABOUT_RETURN_TYPE = YES_ERROR;
				GCC_WARN_UNDECLARED_SELECTOR = YES;
				GCC_WARN_UNINITIALIZED_AUTOS = YES_AGGRESSIVE;
				GCC_WARN_UNUSED_FUNCTION = YES;
				GCC_WARN_UNUSED_VARIABLE = YES;
				IPHONEOS_DEPLOYMENT_TARGET = 17.5;
				LOCALIZATION_PREFERS_STRING_CATALOGS = YES;
				MTL_ENABLE_DEBUG_INFO = INCLUDE_SOURCE;
				MTL_FAST_MATH = YES;
				ONLY_ACTIVE_ARCH = YES;
				SDKROOT = iphoneos;
				SWIFT_ACTIVE_COMPILATION_CONDITIONS = "DEBUG $(inherited)";
				SWIFT_OPTIMIZATION_LEVEL = "-Onone";
			};
			name = Debug;
		};
		D482348D2C648ADA00BD02E4 /* Release */ = {
			isa = XCBuildConfiguration;
			buildSettings = {
				ALWAYS_SEARCH_USER_PATHS = NO;
				ASSETCATALOG_COMPILER_GENERATE_SWIFT_ASSET_SYMBOL_EXTENSIONS = YES;
				CLANG_ANALYZER_NONNULL = YES;
				CLANG_ANALYZER_NUMBER_OBJECT_CONVERSION = YES_AGGRESSIVE;
				CLANG_CXX_LANGUAGE_STANDARD = "gnu++20";
				CLANG_ENABLE_MODULES = YES;
				CLANG_ENABLE_OBJC_ARC = YES;
				CLANG_ENABLE_OBJC_WEAK = YES;
				CLANG_WARN_BLOCK_CAPTURE_AUTORELEASING = YES;
				CLANG_WARN_BOOL_CONVERSION = YES;
				CLANG_WARN_COMMA = YES;
				CLANG_WARN_CONSTANT_CONVERSION = YES;
				CLANG_WARN_DEPRECATED_OBJC_IMPLEMENTATIONS = YES;
				CLANG_WARN_DIRECT_OBJC_ISA_USAGE = YES_ERROR;
				CLANG_WARN_DOCUMENTATION_COMMENTS = YES;
				CLANG_WARN_EMPTY_BODY = YES;
				CLANG_WARN_ENUM_CONVERSION = YES;
				CLANG_WARN_INFINITE_RECURSION = YES;
				CLANG_WARN_INT_CONVERSION = YES;
				CLANG_WARN_NON_LITERAL_NULL_CONVERSION = YES;
				CLANG_WARN_OBJC_IMPLICIT_RETAIN_SELF = YES;
				CLANG_WARN_OBJC_LITERAL_CONVERSION = YES;
				CLANG_WARN_OBJC_ROOT_CLASS = YES_ERROR;
				CLANG_WARN_QUOTED_INCLUDE_IN_FRAMEWORK_HEADER = YES;
				CLANG_WARN_RANGE_LOOP_ANALYSIS = YES;
				CLANG_WARN_STRICT_PROTOTYPES = YES;
				CLANG_WARN_SUSPICIOUS_MOVE = YES;
				CLANG_WARN_UNGUARDED_AVAILABILITY = YES_AGGRESSIVE;
				CLANG_WARN_UNREACHABLE_CODE = YES;
				CLANG_WARN__DUPLICATE_METHOD_MATCH = YES;
				COPY_PHASE_STRIP = NO;
				DEBUG_INFORMATION_FORMAT = "dwarf-with-dsym";
				ENABLE_NS_ASSERTIONS = NO;
				ENABLE_STRICT_OBJC_MSGSEND = YES;
				ENABLE_USER_SCRIPT_SANDBOXING = YES;
				GCC_C_LANGUAGE_STANDARD = gnu17;
				GCC_NO_COMMON_BLOCKS = YES;
				GCC_WARN_64_TO_32_BIT_CONVERSION = YES;
				GCC_WARN_ABOUT_RETURN_TYPE = YES_ERROR;
				GCC_WARN_UNDECLARED_SELECTOR = YES;
				GCC_WARN_UNINITIALIZED_AUTOS = YES_AGGRESSIVE;
				GCC_WARN_UNUSED_FUNCTION = YES;
				GCC_WARN_UNUSED_VARIABLE = YES;
				IPHONEOS_DEPLOYMENT_TARGET = 17.5;
				LOCALIZATION_PREFERS_STRING_CATALOGS = YES;
				MTL_ENABLE_DEBUG_INFO = NO;
				MTL_FAST_MATH = YES;
				SDKROOT = iphoneos;
				SWIFT_COMPILATION_MODE = wholemodule;
				VALIDATE_PRODUCT = YES;
			};
			name = Release;
		};
		D482348F2C648ADA00BD02E4 /* Debug */ = {
			isa = XCBuildConfiguration;
			buildSettings = {
				ASSETCATALOG_COMPILER_APPICON_NAME = AppIcon;
				ASSETCATALOG_COMPILER_GLOBAL_ACCENT_COLOR_NAME = AccentColor;
				CODE_SIGN_STYLE = Automatic;
				CURRENT_PROJECT_VERSION = 1;
				DEVELOPMENT_TEAM = NWL6WKXWCJ;
				GENERATE_INFOPLIST_FILE = YES;
				INFOPLIST_FILE = SearchApps/Info.plist;
				INFOPLIST_KEY_UIApplicationSupportsIndirectInputEvents = YES;
				INFOPLIST_KEY_UILaunchStoryboardName = LaunchScreen;
				INFOPLIST_KEY_UISupportedInterfaceOrientations = UIInterfaceOrientationPortrait;
				INFOPLIST_KEY_UISupportedInterfaceOrientations_iPad = "UIInterfaceOrientationLandscapeLeft UIInterfaceOrientationLandscapeRight UIInterfaceOrientationPortrait UIInterfaceOrientationPortraitUpsideDown";
				IPHONEOS_DEPLOYMENT_TARGET = 15.0;
				LD_RUNPATH_SEARCH_PATHS = (
					"$(inherited)",
					"@executable_path/Frameworks",
				);
				MARKETING_VERSION = 1.0;
				PRODUCT_BUNDLE_IDENTIFIER = com.Ray.SearchApps;
				PRODUCT_NAME = "$(TARGET_NAME)";
				SUPPORTED_PLATFORMS = "iphoneos iphonesimulator";
				SUPPORTS_MACCATALYST = NO;
				SUPPORTS_MAC_DESIGNED_FOR_IPHONE_IPAD = NO;
				SUPPORTS_XR_DESIGNED_FOR_IPHONE_IPAD = NO;
				SWIFT_EMIT_LOC_STRINGS = YES;
				SWIFT_VERSION = 5.0;
				TARGETED_DEVICE_FAMILY = 1;
			};
			name = Debug;
		};
		D48234902C648ADA00BD02E4 /* Release */ = {
			isa = XCBuildConfiguration;
			buildSettings = {
				ASSETCATALOG_COMPILER_APPICON_NAME = AppIcon;
				ASSETCATALOG_COMPILER_GLOBAL_ACCENT_COLOR_NAME = AccentColor;
				CODE_SIGN_STYLE = Automatic;
				CURRENT_PROJECT_VERSION = 1;
				DEVELOPMENT_TEAM = NWL6WKXWCJ;
				GENERATE_INFOPLIST_FILE = YES;
				INFOPLIST_FILE = SearchApps/Info.plist;
				INFOPLIST_KEY_UIApplicationSupportsIndirectInputEvents = YES;
				INFOPLIST_KEY_UILaunchStoryboardName = LaunchScreen;
				INFOPLIST_KEY_UISupportedInterfaceOrientations = UIInterfaceOrientationPortrait;
				INFOPLIST_KEY_UISupportedInterfaceOrientations_iPad = "UIInterfaceOrientationLandscapeLeft UIInterfaceOrientationLandscapeRight UIInterfaceOrientationPortrait UIInterfaceOrientationPortraitUpsideDown";
				IPHONEOS_DEPLOYMENT_TARGET = 15.0;
				LD_RUNPATH_SEARCH_PATHS = (
					"$(inherited)",
					"@executable_path/Frameworks",
				);
				MARKETING_VERSION = 1.0;
				PRODUCT_BUNDLE_IDENTIFIER = com.Ray.SearchApps;
				PRODUCT_NAME = "$(TARGET_NAME)";
				SUPPORTED_PLATFORMS = "iphoneos iphonesimulator";
				SUPPORTS_MACCATALYST = NO;
				SUPPORTS_MAC_DESIGNED_FOR_IPHONE_IPAD = NO;
				SUPPORTS_XR_DESIGNED_FOR_IPHONE_IPAD = NO;
				SWIFT_EMIT_LOC_STRINGS = YES;
				SWIFT_VERSION = 5.0;
				TARGETED_DEVICE_FAMILY = 1;
			};
			name = Release;
		};
/* End XCBuildConfiguration section */

/* Begin XCConfigurationList section */
		D48234752C648AD700BD02E4 /* Build configuration list for PBXProject "SearchApps" */ = {
			isa = XCConfigurationList;
			buildConfigurations = (
				D482348C2C648ADA00BD02E4 /* Debug */,
				D482348D2C648ADA00BD02E4 /* Release */,
			);
			defaultConfigurationIsVisible = 0;
			defaultConfigurationName = Release;
		};
		D482348E2C648ADA00BD02E4 /* Build configuration list for PBXNativeTarget "SearchApps" */ = {
			isa = XCConfigurationList;
			buildConfigurations = (
				D482348F2C648ADA00BD02E4 /* Debug */,
				D48234902C648ADA00BD02E4 /* Release */,
			);
			defaultConfigurationIsVisible = 0;
			defaultConfigurationName = Release;
		};
/* End XCConfigurationList section */

/* Begin XCRemoteSwiftPackageReference section */
		D482349B2C648D9D00BD02E4 /* XCRemoteSwiftPackageReference "RxSwift" */ = {
			isa = XCRemoteSwiftPackageReference;
			repositoryURL = "https://github.com/ReactiveX/RxSwift.git";
			requirement = {
				kind = upToNextMajorVersion;
				minimumVersion = 6.7.1;
			};
		};
		D48234A02C648DA500BD02E4 /* XCRemoteSwiftPackageReference "SnapKit" */ = {
			isa = XCRemoteSwiftPackageReference;
			repositoryURL = "https://github.com/SnapKit/SnapKit.git";
			requirement = {
				kind = upToNextMajorVersion;
				minimumVersion = 5.7.1;
			};
		};
		D48234A32C648DB400BD02E4 /* XCRemoteSwiftPackageReference "Kingfisher" */ = {
			isa = XCRemoteSwiftPackageReference;
			repositoryURL = "https://github.com/onevcat/Kingfisher.git";
			requirement = {
				kind = upToNextMajorVersion;
				minimumVersion = 7.12.0;
			};
		};
		D4D637852C6A293C0068488B /* XCRemoteSwiftPackageReference "Alamofire" */ = {
			isa = XCRemoteSwiftPackageReference;
			repositoryURL = "https://github.com/Alamofire/Alamofire.git";
			requirement = {
				kind = upToNextMajorVersion;
				minimumVersion = 5.9.1;
			};
		};
/* End XCRemoteSwiftPackageReference section */

/* Begin XCSwiftPackageProductDependency section */
		D482349C2C648D9D00BD02E4 /* RxCocoa */ = {
			isa = XCSwiftPackageProductDependency;
			package = D482349B2C648D9D00BD02E4 /* XCRemoteSwiftPackageReference "RxSwift" */;
			productName = RxCocoa;
		};
		D482349E2C648D9D00BD02E4 /* RxSwift */ = {
			isa = XCSwiftPackageProductDependency;
			package = D482349B2C648D9D00BD02E4 /* XCRemoteSwiftPackageReference "RxSwift" */;
			productName = RxSwift;
		};
		D48234A12C648DA500BD02E4 /* SnapKit */ = {
			isa = XCSwiftPackageProductDependency;
			package = D48234A02C648DA500BD02E4 /* XCRemoteSwiftPackageReference "SnapKit" */;
			productName = SnapKit;
		};
		D48234A42C648DB400BD02E4 /* Kingfisher */ = {
			isa = XCSwiftPackageProductDependency;
			package = D48234A32C648DB400BD02E4 /* XCRemoteSwiftPackageReference "Kingfisher" */;
			productName = Kingfisher;
		};
		D4D637862C6A293C0068488B /* Alamofire */ = {
			isa = XCSwiftPackageProductDependency;
			package = D4D637852C6A293C0068488B /* XCRemoteSwiftPackageReference "Alamofire" */;
			productName = Alamofire;
		};
/* End XCSwiftPackageProductDependency section */
	};
	rootObject = D48234722C648AD700BD02E4 /* Project object */;
}
